
Microsoft Visual Studio Solution File, Format Version 12.00
# Visual Studio 2012
Project("{FAE04EC0-301F-11D3-BF4B-00C04F79EFBC}") = "CMySql", "CMySql\CMySql.csproj", "{A169D197-7564-4030-9B27-C0F2C2DB056F}"
EndProject
Global
	GlobalSection(SolutionConfigurationPlatforms) = preSolution
		Debug|x86 = Debug|x86
		Release|x86 = Release|x86
	EndGlobalSection
	GlobalSection(ProjectConfigurationPlatforms) = postSolution
		{A169D197-7564-4030-9B27-C0F2C2DB056F}.Debug|x86.ActiveCfg = Debug|x86
		{A169D197-7564-4030-9B27-C0F2C2DB056F}.Debug|x86.Build.0 = Debug|x86
		{A169D197-7564-4030-9B27-C0F2C2DB056F}.Release|x86.ActiveCfg = Release|x86
		{A169D197-7564-4030-9B27-C0F2C2DB056F}.Release|x86.Build.0 = Release|x86
	EndGlobalSection
EndGlobal
